// !$*UTF8*$!
{
	archiveVersion = 1;
	classes = {
	};
	objectVersion = 56;
	objects = {

/* Begin PBXBuildFile section */
		DEA1CE712D24049700EB7CD8 /* DeliveryEatsApp.swift in Sources */ = {isa = PBXBuildFile; fileRef = DEA1CE702D24049700EB7CD8 /* DeliveryEatsApp.swift */; };
		DEA1CE732D24049700EB7CD8 /* ContentView.swift in Sources */ = {isa = PBXBuildFile; fileRef = DEA1CE722D24049700EB7CD8 /* ContentView.swift */; };
		DEA1CE752D24049700EB7CD8 /* Item.swift in Sources */ = {isa = PBXBuildFile; fileRef = DEA1CE742D24049700EB7CD8 /* Item.swift */; };
		DEA1CE772D24049800EB7CD8 /* Assets.xcassets in Resources */ = {isa = PBXBuildFile; fileRef = DEA1CE762D24049800EB7CD8 /* Assets.xcassets */; };
		DEA1CE7A2D24049800EB7CD8 /* Preview Assets.xcassets in Resources */ = {isa = PBXBuildFile; fileRef = DEA1CE792D24049800EB7CD8 /* Preview Assets.xcassets */; };
		DEA1CE842D24049800EB7CD8 /* DeliveryEatsTests.swift in Sources */ = {isa = PBXBuildFile; fileRef = DEA1CE832D24049800EB7CD8 /* DeliveryEatsTests.swift */; };
		DEA1CE8E2D24049800EB7CD8 /* DeliveryEatsUITests.swift in Sources */ = {isa = PBXBuildFile; fileRef = DEA1CE8D2D24049800EB7CD8 /* DeliveryEatsUITests.swift */; };
		DEA1CE902D24049800EB7CD8 /* DeliveryEatsUITestsLaunchTests.swift in Sources */ = {isa = PBXBuildFile; fileRef = DEA1CE8F2D24049800EB7CD8 /* DeliveryEatsUITestsLaunchTests.swift */; };
/* End PBXBuildFile section */

/* Begin PBXContainerItemProxy section */
		DEA1CE802D24049800EB7CD8 /* PBXContainerItemProxy */ = {
			isa = PBXContainerItemProxy;
			containerPortal = DEA1CE652D24049700EB7CD8 /* Project object */;
			proxyType = 1;
			remoteGlobalIDString = DEA1CE6C2D24049700EB7CD8;
			remoteInfo = DeliveryEats;
		};
		DEA1CE8A2D24049800EB7CD8 /* PBXContainerItemProxy */ = {
			isa = PBXContainerItemProxy;
			containerPortal = DEA1CE652D24049700EB7CD8 /* Project object */;
			proxyType = 1;
			remoteGlobalIDString = DEA1CE6C2D24049700EB7CD8;
			remoteInfo = DeliveryEats;
		};
/* End PBXContainerItemProxy section */

/* Begin PBXFileReference section */
		DEA1CE6D2D24049700EB7CD8 /* DeliveryEats.app */ = {isa = PBXFileReference; explicitFileType = wrapper.application; includeInIndex = 0; path = DeliveryEats.app; sourceTree = BUILT_PRODUCTS_DIR; };
		DEA1CE702D24049700EB7CD8 /* DeliveryEatsApp.swift */ = {isa = PBXFileReference; lastKnownFileType = sourcecode.swift; path = DeliveryEatsApp.swift; sourceTree = "<group>"; };
		DEA1CE722D24049700EB7CD8 /* ContentView.swift */ = {isa = PBXFileReference; lastKnownFileType = sourcecode.swift; path = ContentView.swift; sourceTree = "<group>"; };
		DEA1CE742D24049700EB7CD8 /* Item.swift */ = {isa = PBXFileReference; lastKnownFileType = sourcecode.swift; path = Item.swift; sourceTree = "<group>"; };
		DEA1CE762D24049800EB7CD8 /* Assets.xcassets */ = {isa = PBXFileReference; lastKnownFileType = folder.assetcatalog; path = Assets.xcassets; sourceTree = "<group>"; };
		DEA1CE792D24049800EB7CD8 /* Preview Assets.xcassets */ = {isa = PBXFileReference; lastKnownFileType = folder.assetcatalog; path = "Preview Assets.xcassets"; sourceTree = "<group>"; };
		DEA1CE7F2D24049800EB7CD8 /* DeliveryEatsTests.xctest */ = {isa = PBXFileReference; explicitFileType = wrapper.cfbundle; includeInIndex = 0; path = DeliveryEatsTests.xctest; sourceTree = BUILT_PRODUCTS_DIR; };
		DEA1CE832D24049800EB7CD8 /* DeliveryEatsTests.swift */ = {isa = PBXFileReference; lastKnownFileType = sourcecode.swift; path = DeliveryEatsTests.swift; sourceTree = "<group>"; };
		DEA1CE892D24049800EB7CD8 /* DeliveryEatsUITests.xctest */ = {isa = PBXFileReference; explicitFileType = wrapper.cfbundle; includeInIndex = 0; path = DeliveryEatsUITests.xctest; sourceTree = BUILT_PRODUCTS_DIR; };
		DEA1CE8D2D24049800EB7CD8 /* DeliveryEatsUITests.swift */ = {isa = PBXFileReference; lastKnownFileType = sourcecode.swift; path = DeliveryEatsUITests.swift; sourceTree = "<group>"; };
		DEA1CE8F2D24049800EB7CD8 /* DeliveryEatsUITestsLaunchTests.swift */ = {isa = PBXFileReference; lastKnownFileType = sourcecode.swift; path = DeliveryEatsUITestsLaunchTests.swift; sourceTree = "<group>"; };
/* End PBXFileReference section */

/* Begin PBXFrameworksBuildPhase section */
		DEA1CE6A2D24049700EB7CD8 /* Frameworks */ = {
			isa = PBXFrameworksBuildPhase;
			buildActionMask = 2147483647;
			files = (
			);
			runOnlyForDeploymentPostprocessing = 0;
		};
		DEA1CE7C2D24049800EB7CD8 /* Frameworks */ = {
			isa = PBXFrameworksBuildPhase;
			buildActionMask = 2147483647;
			files = (
			);
			runOnlyForDeploymentPostprocessing = 0;
		};
		DEA1CE862D24049800EB7CD8 /* Frameworks */ = {
			isa = PBXFrameworksBuildPhase;
			buildActionMask = 2147483647;
			files = (
			);
			runOnlyForDeploymentPostprocessing = 0;
		};
/* End PBXFrameworksBuildPhase section */

/* Begin PBXGroup section */
		DEA1CE642D24049700EB7CD8 = {
			isa = PBXGroup;
			children = (
				DEA1CE6F2D24049700EB7CD8 /* DeliveryEats */,
				DEA1CE822D24049800EB7CD8 /* DeliveryEatsTests */,
				DEA1CE8C2D24049800EB7CD8 /* DeliveryEatsUITests */,
				DEA1CE6E2D24049700EB7CD8 /* Products */,
			);
			sourceTree = "<group>";
		};
		DEA1CE6E2D24049700EB7CD8 /* Products */ = {
			isa = PBXGroup;
			children = (
				DEA1CE6D2D24049700EB7CD8 /* DeliveryEats.app */,
				DEA1CE7F2D24049800EB7CD8 /* DeliveryEatsTests.xctest */,
				DEA1CE892D24049800EB7CD8 /* DeliveryEatsUITests.xctest */,
			);
			name = Products;
			sourceTree = "<group>";
		};
		DEA1CE6F2D24049700EB7CD8 /* DeliveryEats */ = {
			isa = PBXGroup;
			children = (
				DEA1CE702D24049700EB7CD8 /* DeliveryEatsApp.swift */,
				DEA1CE722D24049700EB7CD8 /* ContentView.swift */,
				DEA1CE742D24049700EB7CD8 /* Item.swift */,
				DEA1CE762D24049800EB7CD8 /* Assets.xcassets */,
				DEA1CE782D24049800EB7CD8 /* Preview Content */,
			);
			path = DeliveryEats;
			sourceTree = "<group>";
		};
		DEA1CE782D24049800EB7CD8 /* Preview Content */ = {
			isa = PBXGroup;
			children = (
				DEA1CE792D24049800EB7CD8 /* Preview Assets.xcassets */,
			);
			path = "Preview Content";
			sourceTree = "<group>";
		};
		DEA1CE822D24049800EB7CD8 /* DeliveryEatsTests */ = {
			isa = PBXGroup;
			children = (
				DEA1CE832D24049800EB7CD8 /* DeliveryEatsTests.swift */,
			);
			path = DeliveryEatsTests;
			sourceTree = "<group>";
		};
		DEA1CE8C2D24049800EB7CD8 /* DeliveryEatsUITests */ = {
			isa = PBXGroup;
			children = (
				DEA1CE8D2D24049800EB7CD8 /* DeliveryEatsUITests.swift */,
				DEA1CE8F2D24049800EB7CD8 /* DeliveryEatsUITestsLaunchTests.swift */,
			);
			path = DeliveryEatsUITests;
			sourceTree = "<group>";
		};
/* End PBXGroup section */

/* Begin PBXNativeTarget section */
		DEA1CE6C2D24049700EB7CD8 /* DeliveryEats */ = {
			isa = PBXNativeTarget;
			buildConfigurationList = DEA1CE932D24049800EB7CD8 /* Build configuration list for PBXNativeTarget "DeliveryEats" */;
			buildPhases = (
				DEA1CE692D24049700EB7CD8 /* Sources */,
				DEA1CE6A2D24049700EB7CD8 /* Frameworks */,
				DEA1CE6B2D24049700EB7CD8 /* Resources */,
			);
			buildRules = (
			);
			dependencies = (
			);
			name = DeliveryEats;
			productName = DeliveryEats;
			productReference = DEA1CE6D2D24049700EB7CD8 /* DeliveryEats.app */;
			productType = "com.apple.product-type.application";
		};
		DEA1CE7E2D24049800EB7CD8 /* DeliveryEatsTests */ = {
			isa = PBXNativeTarget;
			buildConfigurationList = DEA1CE962D24049800EB7CD8 /* Build configuration list for PBXNativeTarget "DeliveryEatsTests" */;
			buildPhases = (
				DEA1CE7B2D24049800EB7CD8 /* Sources */,
				DEA1CE7C2D24049800EB7CD8 /* Frameworks */,
				DEA1CE7D2D24049800EB7CD8 /* Resources */,
			);
			buildRules = (
			);
			dependencies = (
				DEA1CE812D24049800EB7CD8 /* PBXTargetDependency */,
			);
			name = DeliveryEatsTests;
			productName = DeliveryEatsTests;
			productReference = DEA1CE7F2D24049800EB7CD8 /* DeliveryEatsTests.xctest */;
			productType = "com.apple.product-type.bundle.unit-test";
		};
		DEA1CE882D24049800EB7CD8 /* DeliveryEatsUITests */ = {
			isa = PBXNativeTarget;
			buildConfigurationList = DEA1CE992D24049800EB7CD8 /* Build configuration list for PBXNativeTarget "DeliveryEatsUITests" */;
			buildPhases = (
				DEA1CE852D24049800EB7CD8 /* Sources */,
				DEA1CE862D24049800EB7CD8 /* Frameworks */,
				DEA1CE872D24049800EB7CD8 /* Resources */,
			);
			buildRules = (
			);
			dependencies = (
				DEA1CE8B2D24049800EB7CD8 /* PBXTargetDependency */,
			);
			name = DeliveryEatsUITests;
			productName = DeliveryEatsUITests;
			productReference = DEA1CE892D24049800EB7CD8 /* DeliveryEatsUITests.xctest */;
			productType = "com.apple.product-type.bundle.ui-testing";
		};
/* End PBXNativeTarget section */

/* Begin PBXProject section */
		DEA1CE652D24049700EB7CD8 /* Project object */ = {
			isa = PBXProject;
			attributes = {
				BuildIndependentTargetsInParallel = 1;
				LastSwiftUpdateCheck = 1540;
				LastUpgradeCheck = 1540;
				TargetAttributes = {
					DEA1CE6C2D24049700EB7CD8 = {
						CreatedOnToolsVersion = 15.4;
					};
					DEA1CE7E2D24049800EB7CD8 = {
						CreatedOnToolsVersion = 15.4;
						TestTargetID = DEA1CE6C2D24049700EB7CD8;
					};
					DEA1CE882D24049800EB7CD8 = {
						CreatedOnToolsVersion = 15.4;
						TestTargetID = DEA1CE6C2D24049700EB7CD8;
					};
				};
			};
			buildConfigurationList = DEA1CE682D24049700EB7CD8 /* Build configuration list for PBXProject "DeliveryEats" */;
			compatibilityVersion = "Xcode 14.0";
			developmentRegion = en;
			hasScannedForEncodings = 0;
			knownRegions = (
				en,
				Base,
			);
			mainGroup = DEA1CE642D24049700EB7CD8;
			packageReferences = (
				DEA1CE9C2D24057800EB7CD8 /* XCRemoteSwiftPackageReference "Inject" */,
			);
			productRefGroup = DEA1CE6E2D24049700EB7CD8 /* Products */;
			projectDirPath = "";
			projectRoot = "";
			targets = (
				DEA1CE6C2D24049700EB7CD8 /* DeliveryEats */,
				DEA1CE7E2D24049800EB7CD8 /* DeliveryEatsTests */,
				DEA1CE882D24049800EB7CD8 /* DeliveryEatsUITests */,
			);
		};
/* End PBXProject section */

/* Begin PBXResourcesBuildPhase section */
		DEA1CE6B2D24049700EB7CD8 /* Resources */ = {
			isa = PBXResourcesBuildPhase;
			buildActionMask = 2147483647;
			files = (
				DEA1CE7A2D24049800EB7CD8 /* Preview Assets.xcassets in Resources */,
				DEA1CE772D24049800EB7CD8 /* Assets.xcassets in Resources */,
			);
			runOnlyForDeploymentPostprocessing = 0;
		};
		DEA1CE7D2D24049800EB7CD8 /* Resources */ = {
			isa = PBXResourcesBuildPhase;
			buildActionMask = 2147483647;
			files = (
			);
			runOnlyForDeploymentPostprocessing = 0;
		};
		DEA1CE872D24049800EB7CD8 /* Resources */ = {
			isa = PBXResourcesBuildPhase;
			buildActionMask = 2147483647;
			files = (
			);
			runOnlyForDeploymentPostprocessing = 0;
		};
/* End PBXResourcesBuildPhase section */

/* Begin PBXSourcesBuildPhase section */
		DEA1CE692D24049700EB7CD8 /* Sources */ = {
			isa = PBXSourcesBuildPhase;
			buildActionMask = 2147483647;
			files = (
				DEA1CE732D24049700EB7CD8 /* ContentView.swift in Sources */,
				DEA1CE752D24049700EB7CD8 /* Item.swift in Sources */,
				DEA1CE712D24049700EB7CD8 /* DeliveryEatsApp.swift in Sources */,
			);
			runOnlyForDeploymentPostprocessing = 0;
		};
		DEA1CE7B2D24049800EB7CD8 /* Sources */ = {
			isa = PBXSourcesBuildPhase;
			buildActionMask = 2147483647;
			files = (
				DEA1CE842D24049800EB7CD8 /* DeliveryEatsTests.swift in Sources */,
			);
			runOnlyForDeploymentPostprocessing = 0;
		};
		DEA1CE852D24049800EB7CD8 /* Sources */ = {
			isa = PBXSourcesBuildPhase;
			buildActionMask = 2147483647;
			files = (
				DEA1CE8E2D24049800EB7CD8 /* DeliveryEatsUITests.swift in Sources */,
				DEA1CE902D24049800EB7CD8 /* DeliveryEatsUITestsLaunchTests.swift in Sources */,
			);
			runOnlyForDeploymentPostprocessing = 0;
		};
/* End PBXSourcesBuildPhase section */

/* Begin PBXTargetDependency section */
		DEA1CE812D24049800EB7CD8 /* PBXTargetDependency */ = {
			isa = PBXTargetDependency;
			target = DEA1CE6C2D24049700EB7CD8 /* DeliveryEats */;
			targetProxy = DEA1CE802D24049800EB7CD8 /* PBXContainerItemProxy */;
		};
		DEA1CE8B2D24049800EB7CD8 /* PBXTargetDependency */ = {
			isa = PBXTargetDependency;
			target = DEA1CE6C2D24049700EB7CD8 /* DeliveryEats */;
			targetProxy = DEA1CE8A2D24049800EB7CD8 /* PBXContainerItemProxy */;
		};
/* End PBXTargetDependency section */

/* Begin XCBuildConfiguration section */
		DEA1CE912D24049800EB7CD8 /* Debug */ = {
			isa = XCBuildConfiguration;
			buildSettings = {
				ALWAYS_SEARCH_USER_PATHS = NO;
				ASSETCATALOG_COMPILER_GENERATE_SWIFT_ASSET_SYMBOL_EXTENSIONS = YES;
				CLANG_ANALYZER_NONNULL = YES;
				CLANG_ANALYZER_NUMBER_OBJECT_CONVERSION = YES_AGGRESSIVE;
				CLANG_CXX_LANGUAGE_STANDARD = "gnu++20";
				CLANG_ENABLE_MODULES = YES;
				CLANG_ENABLE_OBJC_ARC = YES;
				CLANG_ENABLE_OBJC_WEAK = YES;
				CLANG_WARN_BLOCK_CAPTURE_AUTORELEASING = YES;
				CLANG_WARN_BOOL_CONVERSION = YES;
				CLANG_WARN_COMMA = YES;
				CLANG_WARN_CONSTANT_CONVERSION = YES;
				CLANG_WARN_DEPRECATED_OBJC_IMPLEMENTATIONS = YES;
				CLANG_WARN_DIRECT_OBJC_ISA_USAGE = YES_ERROR;
				CLANG_WARN_DOCUMENTATION_COMMENTS = YES;
				CLANG_WARN_EMPTY_BODY = YES;
				CLANG_WARN_ENUM_CONVERSION = YES;
				CLANG_WARN_INFINITE_RECURSION = YES;
				CLANG_WARN_INT_CONVERSION = YES;
				CLANG_WARN_NON_LITERAL_NULL_CONVERSION = YES;
				CLANG_WARN_OBJC_IMPLICIT_RETAIN_SELF = YES;
				CLANG_WARN_OBJC_LITERAL_CONVERSION = YES;
				CLANG_WARN_OBJC_ROOT_CLASS = YES_ERROR;
				CLANG_WARN_QUOTED_INCLUDE_IN_FRAMEWORK_HEADER = YES;
				CLANG_WARN_RANGE_LOOP_ANALYSIS = YES;
				CLANG_WARN_STRICT_PROTOTYPES = YES;
				CLANG_WARN_SUSPICIOUS_MOVE = YES;
				CLANG_WARN_UNGUARDED_AVAILABILITY = YES_AGGRESSIVE;
				CLANG_WARN_UNREACHABLE_CODE = YES;
				CLANG_WARN__DUPLICATE_METHOD_MATCH = YES;
				COPY_PHASE_STRIP = NO;
				DEBUG_INFORMATION_FORMAT = dwarf;
				ENABLE_STRICT_OBJC_MSGSEND = YES;
				ENABLE_TESTABILITY = YES;
				ENABLE_USER_SCRIPT_SANDBOXING = YES;
				GCC_C_LANGUAGE_STANDARD = gnu17;
				GCC_DYNAMIC_NO_PIC = NO;
				GCC_NO_COMMON_BLOCKS = YES;
				GCC_OPTIMIZATION_LEVEL = 0;
				GCC_PREPROCESSOR_DEFINITIONS = (
					"DEBUG=1",
					"$(inherited)",
				);
				GCC_WARN_64_TO_32_BIT_CONVERSION = YES;
				GCC_WARN_ABOUT_RETURN_TYPE = YES_ERROR;
				GCC_WARN_UNDECLARED_SELECTOR = YES;
				GCC_WARN_UNINITIALIZED_AUTOS = YES_AGGRESSIVE;
				GCC_WARN_UNUSED_FUNCTION = YES;
				GCC_WARN_UNUSED_VARIABLE = YES;
				IPHONEOS_DEPLOYMENT_TARGET = 17.5;
				LOCALIZATION_PREFERS_STRING_CATALOGS = YES;
				MTL_ENABLE_DEBUG_INFO = INCLUDE_SOURCE;
				MTL_FAST_MATH = YES;
				ONLY_ACTIVE_ARCH = YES;
				SDKROOT = iphoneos;
				SWIFT_ACTIVE_COMPILATION_CONDITIONS = "DEBUG $(inherited)";
				SWIFT_OPTIMIZATION_LEVEL = "-Onone";
			};
			name = Debug;
		};
		DEA1CE922D24049800EB7CD8 /* Release */ = {
			isa = XCBuildConfiguration;
			buildSettings = {
				ALWAYS_SEARCH_USER_PATHS = NO;
				ASSETCATALOG_COMPILER_GENERATE_SWIFT_ASSET_SYMBOL_EXTENSIONS = YES;
				CLANG_ANALYZER_NONNULL = YES;
				CLANG_ANALYZER_NUMBER_OBJECT_CONVERSION = YES_AGGRESSIVE;
				CLANG_CXX_LANGUAGE_STANDARD = "gnu++20";
				CLANG_ENABLE_MODULES = YES;
				CLANG_ENABLE_OBJC_ARC = YES;
				CLANG_ENABLE_OBJC_WEAK = YES;
				CLANG_WARN_BLOCK_CAPTURE_AUTORELEASING = YES;
				CLANG_WARN_BOOL_CONVERSION = YES;
				CLANG_WARN_COMMA = YES;
				CLANG_WARN_CONSTANT_CONVERSION = YES;
				CLANG_WARN_DEPRECATED_OBJC_IMPLEMENTATIONS = YES;
				CLANG_WARN_DIRECT_OBJC_ISA_USAGE = YES_ERROR;
				CLANG_WARN_DOCUMENTATION_COMMENTS = YES;
				CLANG_WARN_EMPTY_BODY = YES;
				CLANG_WARN_ENUM_CONVERSION = YES;
				CLANG_WARN_INFINITE_RECURSION = YES;
				CLANG_WARN_INT_CONVERSION = YES;
				CLANG_WARN_NON_LITERAL_NULL_CONVERSION = YES;
				CLANG_WARN_OBJC_IMPLICIT_RETAIN_SELF = YES;
				CLANG_WARN_OBJC_LITERAL_CONVERSION = YES;
				CLANG_WARN_OBJC_ROOT_CLASS = YES_ERROR;
				CLANG_WARN_QUOTED_INCLUDE_IN_FRAMEWORK_HEADER = YES;
				CLANG_WARN_RANGE_LOOP_ANALYSIS = YES;
				CLANG_WARN_STRICT_PROTOTYPES = YES;
				CLANG_WARN_SUSPICIOUS_MOVE = YES;
				CLANG_WARN_UNGUARDED_AVAILABILITY = YES_AGGRESSIVE;
				CLANG_WARN_UNREACHABLE_CODE = YES;
				CLANG_WARN__DUPLICATE_METHOD_MATCH = YES;
				COPY_PHASE_STRIP = NO;
				DEBUG_INFORMATION_FORMAT = "dwarf-with-dsym";
				ENABLE_NS_ASSERTIONS = NO;
				ENABLE_STRICT_OBJC_MSGSEND = YES;
				ENABLE_USER_SCRIPT_SANDBOXING = YES;
				GCC_C_LANGUAGE_STANDARD = gnu17;
				GCC_NO_COMMON_BLOCKS = YES;
				GCC_WARN_64_TO_32_BIT_CONVERSION = YES;
				GCC_WARN_ABOUT_RETURN_TYPE = YES_ERROR;
				GCC_WARN_UNDECLARED_SELECTOR = YES;
				GCC_WARN_UNINITIALIZED_AUTOS = YES_AGGRESSIVE;
				GCC_WARN_UNUSED_FUNCTION = YES;
				GCC_WARN_UNUSED_VARIABLE = YES;
				IPHONEOS_DEPLOYMENT_TARGET = 17.5;
				LOCALIZATION_PREFERS_STRING_CATALOGS = YES;
				MTL_ENABLE_DEBUG_INFO = NO;
				MTL_FAST_MATH = YES;
				SDKROOT = iphoneos;
				SWIFT_COMPILATION_MODE = wholemodule;
				VALIDATE_PRODUCT = YES;
			};
			name = Release;
		};
		DEA1CE942D24049800EB7CD8 /* Debug */ = {
			isa = XCBuildConfiguration;
			buildSettings = {
				ASSETCATALOG_COMPILER_APPICON_NAME = AppIcon;
				ASSETCATALOG_COMPILER_GLOBAL_ACCENT_COLOR_NAME = AccentColor;
				CODE_SIGN_STYLE = Automatic;
				CURRENT_PROJECT_VERSION = 1;
				DEVELOPMENT_ASSET_PATHS = "\"DeliveryEats/Preview Content\"";
				DEVELOPMENT_TEAM = NJSW28K6MY;
				ENABLE_PREVIEWS = YES;
				GENERATE_INFOPLIST_FILE = YES;
				INFOPLIST_KEY_UIApplicationSceneManifest_Generation = YES;
				INFOPLIST_KEY_UIApplicationSupportsIndirectInputEvents = YES;
				INFOPLIST_KEY_UILaunchScreen_Generation = YES;
				INFOPLIST_KEY_UISupportedInterfaceOrientations_iPad = "UIInterfaceOrientationPortrait UIInterfaceOrientationPortraitUpsideDown UIInterfaceOrientationLandscapeLeft UIInterfaceOrientationLandscapeRight";
				INFOPLIST_KEY_UISupportedInterfaceOrientations_iPhone = "UIInterfaceOrientationPortrait UIInterfaceOrientationLandscapeLeft UIInterfaceOrientationLandscapeRight";
				LD_RUNPATH_SEARCH_PATHS = (
					"$(inherited)",
					"@executable_path/Frameworks",
				);
				MARKETING_VERSION = 1.0;
				OTHER_LDFLAGS = "\"-Xlinker -interposable\"";
				PRODUCT_BUNDLE_IDENTIFIER = delivery.eats.app.DeliveryEats;
				PRODUCT_NAME = "$(TARGET_NAME)";
				SWIFT_EMIT_LOC_STRINGS = YES;
				SWIFT_VERSION = 5.0;
				TARGETED_DEVICE_FAMILY = "1,2";
			};
			name = Debug;
		};
		DEA1CE952D24049800EB7CD8 /* Release */ = {
			isa = XCBuildConfiguration;
			buildSettings = {
				ASSETCATALOG_COMPILER_APPICON_NAME = AppIcon;
				ASSETCATALOG_COMPILER_GLOBAL_ACCENT_COLOR_NAME = AccentColor;
				CODE_SIGN_STYLE = Automatic;
				CURRENT_PROJECT_VERSION = 1;
				DEVELOPMENT_ASSET_PATHS = "\"DeliveryEats/Preview Content\"";
				DEVELOPMENT_TEAM = NJSW28K6MY;
				ENABLE_PREVIEWS = YES;
				GENERATE_INFOPLIST_FILE = YES;
				INFOPLIST_KEY_UIApplicationSceneManifest_Generation = YES;
				INFOPLIST_KEY_UIApplicationSupportsIndirectInputEvents = YES;
				INFOPLIST_KEY_UILaunchScreen_Generation = YES;
				INFOPLIST_KEY_UISupportedInterfaceOrientations_iPad = "UIInterfaceOrientationPortrait UIInterfaceOrientationPortraitUpsideDown UIInterfaceOrientationLandscapeLeft UIInterfaceOrientationLandscapeRight";
				INFOPLIST_KEY_UISupportedInterfaceOrientations_iPhone = "UIInterfaceOrientationPortrait UIInterfaceOrientationLandscapeLeft UIInterfaceOrientationLandscapeRight";
				LD_RUNPATH_SEARCH_PATHS = (
					"$(inherited)",
					"@executable_path/Frameworks",
				);
				MARKETING_VERSION = 1.0;
				OTHER_LDFLAGS = "\"-Xlinker -interposable\"";
				PRODUCT_BUNDLE_IDENTIFIER = delivery.eats.app.DeliveryEats;
				PRODUCT_NAME = "$(TARGET_NAME)";
				SWIFT_EMIT_LOC_STRINGS = YES;
				SWIFT_VERSION = 5.0;
				TARGETED_DEVICE_FAMILY = "1,2";
			};
			name = Release;
		};
		DEA1CE972D24049800EB7CD8 /* Debug */ = {
			isa = XCBuildConfiguration;
			buildSettings = {
				ALWAYS_EMBED_SWIFT_STANDARD_LIBRARIES = YES;
				BUNDLE_LOADER = "$(TEST_HOST)";
				CODE_SIGN_STYLE = Automatic;
				CURRENT_PROJECT_VERSION = 1;
				DEVELOPMENT_TEAM = NJSW28K6MY;
				GENERATE_INFOPLIST_FILE = YES;
				IPHONEOS_DEPLOYMENT_TARGET = 17.5;
				MARKETING_VERSION = 1.0;
				PRODUCT_BUNDLE_IDENTIFIER = delivery.eats.app.DeliveryEatsTests;
				PRODUCT_NAME = "$(TARGET_NAME)";
				SWIFT_EMIT_LOC_STRINGS = NO;
				SWIFT_VERSION = 5.0;
				TARGETED_DEVICE_FAMILY = "1,2";
				TEST_HOST = "$(BUILT_PRODUCTS_DIR)/DeliveryEats.app/$(BUNDLE_EXECUTABLE_FOLDER_PATH)/DeliveryEats";
			};
			name = Debug;
		};
		DEA1CE982D24049800EB7CD8 /* Release */ = {
			isa = XCBuildConfiguration;
			buildSettings = {
				ALWAYS_EMBED_SWIFT_STANDARD_LIBRARIES = YES;
				BUNDLE_LOADER = "$(TEST_HOST)";
				CODE_SIGN_STYLE = Automatic;
				CURRENT_PROJECT_VERSION = 1;
				DEVELOPMENT_TEAM = NJSW28K6MY;
				GENERATE_INFOPLIST_FILE = YES;
				IPHONEOS_DEPLOYMENT_TARGET = 17.5;
				MARKETING_VERSION = 1.0;
				PRODUCT_BUNDLE_IDENTIFIER = delivery.eats.app.DeliveryEatsTests;
				PRODUCT_NAME = "$(TARGET_NAME)";
				SWIFT_EMIT_LOC_STRINGS = NO;
				SWIFT_VERSION = 5.0;
				TARGETED_DEVICE_FAMILY = "1,2";
				TEST_HOST = "$(BUILT_PRODUCTS_DIR)/DeliveryEats.app/$(BUNDLE_EXECUTABLE_FOLDER_PATH)/DeliveryEats";
			};
			name = Release;
		};
		DEA1CE9A2D24049800EB7CD8 /* Debug */ = {
			isa = XCBuildConfiguration;
			buildSettings = {
				ALWAYS_EMBED_SWIFT_STANDARD_LIBRARIES = YES;
				CODE_SIGN_STYLE = Automatic;
				CURRENT_PROJECT_VERSION = 1;
				DEVELOPMENT_TEAM = NJSW28K6MY;
				GENERATE_INFOPLIST_FILE = YES;
				MARKETING_VERSION = 1.0;
				PRODUCT_BUNDLE_IDENTIFIER = delivery.eats.app.DeliveryEatsUITests;
				PRODUCT_NAME = "$(TARGET_NAME)";
				SWIFT_EMIT_LOC_STRINGS = NO;
				SWIFT_VERSION = 5.0;
				TARGETED_DEVICE_FAMILY = "1,2";
				TEST_TARGET_NAME = DeliveryEats;
			};
			name = Debug;
		};
		DEA1CE9B2D24049800EB7CD8 /* Release */ = {
			isa = XCBuildConfiguration;
			buildSettings = {
				ALWAYS_EMBED_SWIFT_STANDARD_LIBRARIES = YES;
				CODE_SIGN_STYLE = Automatic;
				CURRENT_PROJECT_VERSION = 1;
				DEVELOPMENT_TEAM = NJSW28K6MY;
				GENERATE_INFOPLIST_FILE = YES;
				MARKETING_VERSION = 1.0;
				PRODUCT_BUNDLE_IDENTIFIER = delivery.eats.app.DeliveryEatsUITests;
				PRODUCT_NAME = "$(TARGET_NAME)";
				SWIFT_EMIT_LOC_STRINGS = NO;
				SWIFT_VERSION = 5.0;
				TARGETED_DEVICE_FAMILY = "1,2";
				TEST_TARGET_NAME = DeliveryEats;
			};
			name = Release;
		};
/* End XCBuildConfiguration section */

/* Begin XCConfigurationList section */
		DEA1CE682D24049700EB7CD8 /* Build configuration list for PBXProject "DeliveryEats" */ = {
			isa = XCConfigurationList;
			buildConfigurations = (
				DEA1CE912D24049800EB7CD8 /* Debug */,
				DEA1CE922D24049800EB7CD8 /* Release */,
			);
			defaultConfigurationIsVisible = 0;
			defaultConfigurationName = Release;
		};
		DEA1CE932D24049800EB7CD8 /* Build configuration list for PBXNativeTarget "DeliveryEats" */ = {
			isa = XCConfigurationList;
			buildConfigurations = (
				DEA1CE942D24049800EB7CD8 /* Debug */,
				DEA1CE952D24049800EB7CD8 /* Release */,
			);
			defaultConfigurationIsVisible = 0;
			defaultConfigurationName = Release;
		};
		DEA1CE962D24049800EB7CD8 /* Build configuration list for PBXNativeTarget "DeliveryEatsTests" */ = {
			isa = XCConfigurationList;
			buildConfigurations = (
				DEA1CE972D24049800EB7CD8 /* Debug */,
				DEA1CE982D24049800EB7CD8 /* Release */,
			);
			defaultConfigurationIsVisible = 0;
			defaultConfigurationName = Release;
		};
		DEA1CE992D24049800EB7CD8 /* Build configuration list for PBXNativeTarget "DeliveryEatsUITests" */ = {
			isa = XCConfigurationList;
			buildConfigurations = (
				DEA1CE9A2D24049800EB7CD8 /* Debug */,
				DEA1CE9B2D24049800EB7CD8 /* Release */,
			);
			defaultConfigurationIsVisible = 0;
			defaultConfigurationName = Release;
		};
/* End XCConfigurationList section */

/* Begin XCRemoteSwiftPackageReference section */
		DEA1CE9C2D24057800EB7CD8 /* XCRemoteSwiftPackageReference "Inject" */ = {
			isa = XCRemoteSwiftPackageReference;
			repositoryURL = "https://github.com/krzysztofzablocki/Inject";
			requirement = {
				kind = upToNextMajorVersion;
				minimumVersion = 1.5.2;
			};
		};
/* End XCRemoteSwiftPackageReference section */
	};
	rootObject = DEA1CE652D24049700EB7CD8 /* Project object */;
}
